codeup.aliyun.com/qimao/leo/leo v0.0.0-20230317114819-b619d6f5b5e7 h1:Qxx90mv70lWAWep2ZXIyMbER0ENUDQJ7ZZ2gNg34uFg=
codeup.aliyun.com/qimao/leo/leo v0.0.0-20230317114819-b619d6f5b5e7/go.mod h1:L7lnvhH48gnIXgGVyxQLnsk4qVGvMxZNt9JDaDN+bbY=
github.com/robfig/cron/v3 v3.0.1 h1:WdRxkvbJztn8LMz/QEvLN5sBU+xKpSqwwUO1Pjr4qDs=
github.com/robfig/cron/v3 v3.0.1/go.mod h1:eQICP3HwyT7UooqI/z+Ov+PtYAWygg1TEWWzGIFLtro=
golang.org/x/exp v0.0.0-20230310171629-522b1b587ee0 h1:LGJsf5LRplCck6jUCH3dBL2dmycNruWNF5xugkSlfXw=
golang.org/x/exp v0.0.0-20230310171629-522b1b587ee0/go.mod h1:CxIveKay+FTh1D0yPZemJVgC/95VzuuOLq5Qi4xnoYc=
