codeup.aliyun.com/qimao/leo/leo v0.0.0-20230317080048-8b973f639a38 h1:E6omaQVKVPxjzWtp7w2RqrYZTA0uiOVkMdT4Vb5zkX4=
codeup.aliyun.com/qimao/leo/leo v0.0.0-20230317080048-8b973f639a38/go.mod h1:hClAM8KwelH7Zb/3n0O5TpfiMYZgGDw6dsTvPFo3tkM=
github.com/davecgh/go-spew v1.1.1 h1:vj9j/u1bqnvCEfJOwUhtlOARqs3+rkHYY13jYWTU97c=
github.com/go-leo/gox v0.0.0-20230312082309-96ef649a7c13 h1:s8dYusJry4wRh6MdNre2C29ijlMIL4CPc9a6wU9Ivvg=
github.com/go-leo/gox v0.0.0-20230312082309-96ef649a7c13/go.mod h1:UsIY9lRqa1dVdtyAOhqXVCT2n59rdtsI5WgOpHjWeRM=
github.com/golang/protobuf v1.5.0/go.mod h1:FsONVRAS9T7sI+LIUmWTfcYkHO4aIWwzhcaSAoJOfIk=
github.com/google/go-cmp v0.5.5/go.mod h1:v8dTdLbMG2kIc/vJvl+f65V22dbkXbowE6jgT/gNBxE=
github.com/google/go-cmp v0.5.8 h1:e6P7q2lk1O+qJJb4BtCQXlK8vWEO8V1ZeuEdJNOqZyg=
github.com/pmezard/go-difflib v1.0.0 h1:4DBwDE0NGyQoBHbLQYPwSUPoCMWR5BEzIk/f1lZbAQM=
github.com/robfig/cron/v3 v3.0.1 h1:WdRxkvbJztn8LMz/QEvLN5sBU+xKpSqwwUO1Pjr4qDs=
github.com/robfig/cron/v3 v3.0.1/go.mod h1:eQICP3HwyT7UooqI/z+Ov+PtYAWygg1TEWWzGIFLtro=
github.com/stretchr/testify v1.8.1 h1:w7B6lhMri9wdJUVmEZPGGhZzrYTPvgJArz7wNPgYKsk=
golang.org/x/exp v0.0.0-20230310171629-522b1b587ee0 h1:LGJsf5LRplCck6jUCH3dBL2dmycNruWNF5xugkSlfXw=
golang.org/x/exp v0.0.0-20230310171629-522b1b587ee0/go.mod h1:CxIveKay+FTh1D0yPZemJVgC/95VzuuOLq5Qi4xnoYc=
golang.org/x/xerrors v0.0.0-20191204190536-9bdfabe68543/go.mod h1:I/5z698sn9Ka8TeJc9MKroUUfqBBauWjQqLJ2OPfmY0=
google.golang.org/protobuf v1.26.0-rc.1/go.mod h1:jlhhOSvTdKEhbULTjvd4ARK9grFBp09yW+WbY/TyQbw=
google.golang.org/protobuf v1.28.1 h1:d0NfwRgPtno5B1Wa6L2DAG+KivqkdutMf1UhdNx175w=
google.golang.org/protobuf v1.28.1/go.mod h1:HV8QOd/L58Z+nl8r43ehVNZIU/HEI6OcFqwMG9pJV4I=
gopkg.in/yaml.v3 v3.0.1 h1:fxVm/GzAzEWqLHuvctI91KS9hhNmmWOoWu0XTYJS7CA=
