codeup.aliyun.com/qimao/leo/leo v0.0.0-20230515093543-c42284b29ee1 h1:3nAI9afVKGttMhnDXBOSKTql+96MtWHgUIxd28ZTmMk=
codeup.aliyun.com/qimao/leo/leo v0.0.0-20230515093543-c42284b29ee1/go.mod h1:qz78FUTHBVwvdPTqC4nbjgfi+nDUcGF69UkRQZ8qIBk=
golang.org/x/exp v0.0.0-20230515195305-f3d0a9c9a5cc h1:mCRnTeVUjcrhlRmO0VK8a6k6Rrf6TF9htwo2pJVSjIU=
golang.org/x/exp v0.0.0-20230515195305-f3d0a9c9a5cc/go.mod h1:V1LtkGg67GoY2N1AnLN78QLrzxkLyJw7RJb1gzOOz9w=
gopkg.in/natefinch/lumberjack.v2 v2.2.1 h1:bBRl1b0OH9s/DuPhuXpNl+VtCaJXFZ5/uEFST95x9zc=
gopkg.in/natefinch/lumberjack.v2 v2.2.1/go.mod h1:YD8tP3GAjkrDg1eZH7EGmyESg/lsYskCTPBJVb9jqSc=
